// !$*UTF8*$!
{
	archiveVersion = 1;
	classes = {
	};
	objectVersion = 56;
	objects = {

/* Begin PBXBuildFile section */
		0AE4C4072C6A507B00B49E17 /* CloudKit_iOSApp.swift in Sources */ = {isa = PBXBuildFile; fileRef = 0AE4C4062C6A507B00B49E17 /* CloudKit_iOSApp.swift */; };
		0AE4C4092C6A507B00B49E17 /* ContentView.swift in Sources */ = {isa = PBXBuildFile; fileRef = 0AE4C4082C6A507B00B49E17 /* ContentView.swift */; };
		0AE4C40B2C6A507D00B49E17 /* Assets.xcassets in Resources */ = {isa = PBXBuildFile; fileRef = 0AE4C40A2C6A507D00B49E17 /* Assets.xcassets */; };
		0AE4C40E2C6A507D00B49E17 /* Preview Assets.xcassets in Resources */ = {isa = PBXBuildFile; fileRef = 0AE4C40D2C6A507D00B49E17 /* Preview Assets.xcassets */; };
		0AE4C4182C6A507E00B49E17 /* CloudKit_iOSTests.swift in Sources */ = {isa = PBXBuildFile; fileRef = 0AE4C4172C6A507E00B49E17 /* CloudKit_iOSTests.swift */; };
		0AE4C4222C6A507E00B49E17 /* CloudKit_iOSUITests.swift in Sources */ = {isa = PBXBuildFile; fileRef = 0AE4C4212C6A507E00B49E17 /* CloudKit_iOSUITests.swift */; };
		0AE4C4242C6A507E00B49E17 /* CloudKit_iOSUITestsLaunchTests.swift in Sources */ = {isa = PBXBuildFile; fileRef = 0AE4C4232C6A507E00B49E17 /* CloudKit_iOSUITestsLaunchTests.swift */; };
		0AE4C4322C6A558A00B49E17 /* Model.swift in Sources */ = {isa = PBXBuildFile; fileRef = 0AE4C4312C6A558A00B49E17 /* Model.swift */; };
/* End PBXBuildFile section */

/* Begin PBXContainerItemProxy section */
		0AE4C4142C6A507E00B49E17 /* PBXContainerItemProxy */ = {
			isa = PBXContainerItemProxy;
			containerPortal = 0AE4C3FB2C6A507B00B49E17 /* Project object */;
			proxyType = 1;
			remoteGlobalIDString = 0AE4C4022C6A507B00B49E17;
			remoteInfo = "CloudKit-iOS";
		};
		0AE4C41E2C6A507E00B49E17 /* PBXContainerItemProxy */ = {
			isa = PBXContainerItemProxy;
			containerPortal = 0AE4C3FB2C6A507B00B49E17 /* Project object */;
			proxyType = 1;
			remoteGlobalIDString = 0AE4C4022C6A507B00B49E17;
			remoteInfo = "CloudKit-iOS";
		};
/* End PBXContainerItemProxy section */

/* Begin PBXFileReference section */
		0AE4C4032C6A507B00B49E17 /* CloudKit-iOS.app */ = {isa = PBXFileReference; explicitFileType = wrapper.application; includeInIndex = 0; path = "CloudKit-iOS.app"; sourceTree = BUILT_PRODUCTS_DIR; };
		0AE4C4062C6A507B00B49E17 /* CloudKit_iOSApp.swift */ = {isa = PBXFileReference; lastKnownFileType = sourcecode.swift; path = CloudKit_iOSApp.swift; sourceTree = "<group>"; };
		0AE4C4082C6A507B00B49E17 /* ContentView.swift */ = {isa = PBXFileReference; lastKnownFileType = sourcecode.swift; path = ContentView.swift; sourceTree = "<group>"; };
		0AE4C40A2C6A507D00B49E17 /* Assets.xcassets */ = {isa = PBXFileReference; lastKnownFileType = folder.assetcatalog; path = Assets.xcassets; sourceTree = "<group>"; };
		0AE4C40D2C6A507D00B49E17 /* Preview Assets.xcassets */ = {isa = PBXFileReference; lastKnownFileType = folder.assetcatalog; path = "Preview Assets.xcassets"; sourceTree = "<group>"; };
		0AE4C4132C6A507E00B49E17 /* CloudKit-iOSTests.xctest */ = {isa = PBXFileReference; explicitFileType = wrapper.cfbundle; includeInIndex = 0; path = "CloudKit-iOSTests.xctest"; sourceTree = BUILT_PRODUCTS_DIR; };
		0AE4C4172C6A507E00B49E17 /* CloudKit_iOSTests.swift */ = {isa = PBXFileReference; lastKnownFileType = sourcecode.swift; path = CloudKit_iOSTests.swift; sourceTree = "<group>"; };
		0AE4C41D2C6A507E00B49E17 /* CloudKit-iOSUITests.xctest */ = {isa = PBXFileReference; explicitFileType = wrapper.cfbundle; includeInIndex = 0; path = "CloudKit-iOSUITests.xctest"; sourceTree = BUILT_PRODUCTS_DIR; };
		0AE4C4212C6A507E00B49E17 /* CloudKit_iOSUITests.swift */ = {isa = PBXFileReference; lastKnownFileType = sourcecode.swift; path = CloudKit_iOSUITests.swift; sourceTree = "<group>"; };
		0AE4C4232C6A507E00B49E17 /* CloudKit_iOSUITestsLaunchTests.swift */ = {isa = PBXFileReference; lastKnownFileType = sourcecode.swift; path = CloudKit_iOSUITestsLaunchTests.swift; sourceTree = "<group>"; };
		0AE4C4302C6A50BA00B49E17 /* CloudKit-iOS.entitlements */ = {isa = PBXFileReference; lastKnownFileType = text.plist.entitlements; path = "CloudKit-iOS.entitlements"; sourceTree = "<group>"; };
		0AE4C4312C6A558A00B49E17 /* Model.swift */ = {isa = PBXFileReference; lastKnownFileType = sourcecode.swift; path = Model.swift; sourceTree = "<group>"; };
/* End PBXFileReference section */

/* Begin PBXFrameworksBuildPhase section */
		0AE4C4002C6A507B00B49E17 /* Frameworks */ = {
			isa = PBXFrameworksBuildPhase;
			buildActionMask = 2147483647;
			files = (
			);
			runOnlyForDeploymentPostprocessing = 0;
		};
		0AE4C4102C6A507E00B49E17 /* Frameworks */ = {
			isa = PBXFrameworksBuildPhase;
			buildActionMask = 2147483647;
			files = (
			);
			runOnlyForDeploymentPostprocessing = 0;
		};
		0AE4C41A2C6A507E00B49E17 /* Frameworks */ = {
			isa = PBXFrameworksBuildPhase;
			buildActionMask = 2147483647;
			files = (
			);
			runOnlyForDeploymentPostprocessing = 0;
		};
/* End PBXFrameworksBuildPhase section */

/* Begin PBXGroup section */
		0AE4C3FA2C6A507B00B49E17 = {
			isa = PBXGroup;
			children = (
				0AE4C4052C6A507B00B49E17 /* CloudKit-iOS */,
				0AE4C4162C6A507E00B49E17 /* CloudKit-iOSTests */,
				0AE4C4202C6A507E00B49E17 /* CloudKit-iOSUITests */,
				0AE4C4042C6A507B00B49E17 /* Products */,
			);
			sourceTree = "<group>";
		};
		0AE4C4042C6A507B00B49E17 /* Products */ = {
			isa = PBXGroup;
			children = (
				0AE4C4032C6A507B00B49E17 /* CloudKit-iOS.app */,
				0AE4C4132C6A507E00B49E17 /* CloudKit-iOSTests.xctest */,
				0AE4C41D2C6A507E00B49E17 /* CloudKit-iOSUITests.xctest */,
			);
			name = Products;
			sourceTree = "<group>";
		};
		0AE4C4052C6A507B00B49E17 /* CloudKit-iOS */ = {
			isa = PBXGroup;
			children = (
				0AE4C4302C6A50BA00B49E17 /* CloudKit-iOS.entitlements */,
				0AE4C4062C6A507B00B49E17 /* CloudKit_iOSApp.swift */,
				0AE4C4082C6A507B00B49E17 /* ContentView.swift */,
				0AE4C40A2C6A507D00B49E17 /* Assets.xcassets */,
				0AE4C40C2C6A507D00B49E17 /* Preview Content */,
				0AE4C4312C6A558A00B49E17 /* Model.swift */,
			);
			path = "CloudKit-iOS";
			sourceTree = "<group>";
		};
		0AE4C40C2C6A507D00B49E17 /* Preview Content */ = {
			isa = PBXGroup;
			children = (
				0AE4C40D2C6A507D00B49E17 /* Preview Assets.xcassets */,
			);
			path = "Preview Content";
			sourceTree = "<group>";
		};
		0AE4C4162C6A507E00B49E17 /* CloudKit-iOSTests */ = {
			isa = PBXGroup;
			children = (
				0AE4C4172C6A507E00B49E17 /* CloudKit_iOSTests.swift */,
			);
			path = "CloudKit-iOSTests";
			sourceTree = "<group>";
		};
		0AE4C4202C6A507E00B49E17 /* CloudKit-iOSUITests */ = {
			isa = PBXGroup;
			children = (
				0AE4C4212C6A507E00B49E17 /* CloudKit_iOSUITests.swift */,
				0AE4C4232C6A507E00B49E17 /* CloudKit_iOSUITestsLaunchTests.swift */,
			);
			path = "CloudKit-iOSUITests";
			sourceTree = "<group>";
		};
/* End PBXGroup section */

/* Begin PBXNativeTarget section */
		0AE4C4022C6A507B00B49E17 /* CloudKit-iOS */ = {
			isa = PBXNativeTarget;
			buildConfigurationList = 0AE4C4272C6A507E00B49E17 /* Build configuration list for PBXNativeTarget "CloudKit-iOS" */;
			buildPhases = (
				0AE4C3FF2C6A507B00B49E17 /* Sources */,
				0AE4C4002C6A507B00B49E17 /* Frameworks */,
				0AE4C4012C6A507B00B49E17 /* Resources */,
			);
			buildRules = (
			);
			dependencies = (
			);
			name = "CloudKit-iOS";
			productName = "CloudKit-iOS";
			productReference = 0AE4C4032C6A507B00B49E17 /* CloudKit-iOS.app */;
			productType = "com.apple.product-type.application";
		};
		0AE4C4122C6A507E00B49E17 /* CloudKit-iOSTests */ = {
			isa = PBXNativeTarget;
			buildConfigurationList = 0AE4C42A2C6A507E00B49E17 /* Build configuration list for PBXNativeTarget "CloudKit-iOSTests" */;
			buildPhases = (
				0AE4C40F2C6A507E00B49E17 /* Sources */,
				0AE4C4102C6A507E00B49E17 /* Frameworks */,
				0AE4C4112C6A507E00B49E17 /* Resources */,
			);
			buildRules = (
			);
			dependencies = (
				0AE4C4152C6A507E00B49E17 /* PBXTargetDependency */,
			);
			name = "CloudKit-iOSTests";
			productName = "CloudKit-iOSTests";
			productReference = 0AE4C4132C6A507E00B49E17 /* CloudKit-iOSTests.xctest */;
			productType = "com.apple.product-type.bundle.unit-test";
		};
		0AE4C41C2C6A507E00B49E17 /* CloudKit-iOSUITests */ = {
			isa = PBXNativeTarget;
			buildConfigurationList = 0AE4C42D2C6A507E00B49E17 /* Build configuration list for PBXNativeTarget "CloudKit-iOSUITests" */;
			buildPhases = (
				0AE4C4192C6A507E00B49E17 /* Sources */,
				0AE4C41A2C6A507E00B49E17 /* Frameworks */,
				0AE4C41B2C6A507E00B49E17 /* Resources */,
			);
			buildRules = (
			);
			dependencies = (
				0AE4C41F2C6A507E00B49E17 /* PBXTargetDependency */,
			);
			name = "CloudKit-iOSUITests";
			productName = "CloudKit-iOSUITests";
			productReference = 0AE4C41D2C6A507E00B49E17 /* CloudKit-iOSUITests.xctest */;
			productType = "com.apple.product-type.bundle.ui-testing";
		};
/* End PBXNativeTarget section */

/* Begin PBXProject section */
		0AE4C3FB2C6A507B00B49E17 /* Project object */ = {
			isa = PBXProject;
			attributes = {
				BuildIndependentTargetsInParallel = 1;
				LastSwiftUpdateCheck = 1540;
				LastUpgradeCheck = 1540;
				TargetAttributes = {
					0AE4C4022C6A507B00B49E17 = {
						CreatedOnToolsVersion = 15.4;
					};
					0AE4C4122C6A507E00B49E17 = {
						CreatedOnToolsVersion = 15.4;
						TestTargetID = 0AE4C4022C6A507B00B49E17;
					};
					0AE4C41C2C6A507E00B49E17 = {
						CreatedOnToolsVersion = 15.4;
						TestTargetID = 0AE4C4022C6A507B00B49E17;
					};
				};
			};
			buildConfigurationList = 0AE4C3FE2C6A507B00B49E17 /* Build configuration list for PBXProject "CloudKit-iOS" */;
			compatibilityVersion = "Xcode 14.0";
			developmentRegion = en;
			hasScannedForEncodings = 0;
			knownRegions = (
				en,
				Base,
			);
			mainGroup = 0AE4C3FA2C6A507B00B49E17;
			productRefGroup = 0AE4C4042C6A507B00B49E17 /* Products */;
			projectDirPath = "";
			projectRoot = "";
			targets = (
				0AE4C4022C6A507B00B49E17 /* CloudKit-iOS */,
				0AE4C4122C6A507E00B49E17 /* CloudKit-iOSTests */,
				0AE4C41C2C6A507E00B49E17 /* CloudKit-iOSUITests */,
			);
		};
/* End PBXProject section */

/* Begin PBXResourcesBuildPhase section */
		0AE4C4012C6A507B00B49E17 /* Resources */ = {
			isa = PBXResourcesBuildPhase;
			buildActionMask = 2147483647;
			files = (
				0AE4C40E2C6A507D00B49E17 /* Preview Assets.xcassets in Resources */,
				0AE4C40B2C6A507D00B49E17 /* Assets.xcassets in Resources */,
			);
			runOnlyForDeploymentPostprocessing = 0;
		};
		0AE4C4112C6A507E00B49E17 /* Resources */ = {
			isa = PBXResourcesBuildPhase;
			buildActionMask = 2147483647;
			files = (
			);
			runOnlyForDeploymentPostprocessing = 0;
		};
		0AE4C41B2C6A507E00B49E17 /* Resources */ = {
			isa = PBXResourcesBuildPhase;
			buildActionMask = 2147483647;
			files = (
			);
			runOnlyForDeploymentPostprocessing = 0;
		};
/* End PBXResourcesBuildPhase section */

/* Begin PBXSourcesBuildPhase section */
		0AE4C3FF2C6A507B00B49E17 /* Sources */ = {
			isa = PBXSourcesBuildPhase;
			buildActionMask = 2147483647;
			files = (
				0AE4C4322C6A558A00B49E17 /* Model.swift in Sources */,
				0AE4C4092C6A507B00B49E17 /* ContentView.swift in Sources */,
				0AE4C4072C6A507B00B49E17 /* CloudKit_iOSApp.swift in Sources */,
			);
			runOnlyForDeploymentPostprocessing = 0;
		};
		0AE4C40F2C6A507E00B49E17 /* Sources */ = {
			isa = PBXSourcesBuildPhase;
			buildActionMask = 2147483647;
			files = (
				0AE4C4182C6A507E00B49E17 /* CloudKit_iOSTests.swift in Sources */,
			);
			runOnlyForDeploymentPostprocessing = 0;
		};
		0AE4C4192C6A507E00B49E17 /* Sources */ = {
			isa = PBXSourcesBuildPhase;
			buildActionMask = 2147483647;
			files = (
				0AE4C4222C6A507E00B49E17 /* CloudKit_iOSUITests.swift in Sources */,
				0AE4C4242C6A507E00B49E17 /* CloudKit_iOSUITestsLaunchTests.swift in Sources */,
			);
			runOnlyForDeploymentPostprocessing = 0;
		};
/* End PBXSourcesBuildPhase section */

/* Begin PBXTargetDependency section */
		0AE4C4152C6A507E00B49E17 /* PBXTargetDependency */ = {
			isa = PBXTargetDependency;
			target = 0AE4C4022C6A507B00B49E17 /* CloudKit-iOS */;
			targetProxy = 0AE4C4142C6A507E00B49E17 /* PBXContainerItemProxy */;
		};
		0AE4C41F2C6A507E00B49E17 /* PBXTargetDependency */ = {
			isa = PBXTargetDependency;
			target = 0AE4C4022C6A507B00B49E17 /* CloudKit-iOS */;
			targetProxy = 0AE4C41E2C6A507E00B49E17 /* PBXContainerItemProxy */;
		};
/* End PBXTargetDependency section */

/* Begin XCBuildConfiguration section */
		0AE4C4252C6A507E00B49E17 /* Debug */ = {
			isa = XCBuildConfiguration;
			buildSettings = {
				ALWAYS_SEARCH_USER_PATHS = NO;
				ASSETCATALOG_COMPILER_GENERATE_SWIFT_ASSET_SYMBOL_EXTENSIONS = YES;
				CLANG_ANALYZER_NONNULL = YES;
				CLANG_ANALYZER_NUMBER_OBJECT_CONVERSION = YES_AGGRESSIVE;
				CLANG_CXX_LANGUAGE_STANDARD = "gnu++20";
				CLANG_ENABLE_MODULES = YES;
				CLANG_ENABLE_OBJC_ARC = YES;
				CLANG_ENABLE_OBJC_WEAK = YES;
				CLANG_WARN_BLOCK_CAPTURE_AUTORELEASING = YES;
				CLANG_WARN_BOOL_CONVERSION = YES;
				CLANG_WARN_COMMA = YES;
				CLANG_WARN_CONSTANT_CONVERSION = YES;
				CLANG_WARN_DEPRECATED_OBJC_IMPLEMENTATIONS = YES;
				CLANG_WARN_DIRECT_OBJC_ISA_USAGE = YES_ERROR;
				CLANG_WARN_DOCUMENTATION_COMMENTS = YES;
				CLANG_WARN_EMPTY_BODY = YES;
				CLANG_WARN_ENUM_CONVERSION = YES;
				CLANG_WARN_INFINITE_RECURSION = YES;
				CLANG_WARN_INT_CONVERSION = YES;
				CLANG_WARN_NON_LITERAL_NULL_CONVERSION = YES;
				CLANG_WARN_OBJC_IMPLICIT_RETAIN_SELF = YES;
				CLANG_WARN_OBJC_LITERAL_CONVERSION = YES;
				CLANG_WARN_OBJC_ROOT_CLASS = YES_ERROR;
				CLANG_WARN_QUOTED_INCLUDE_IN_FRAMEWORK_HEADER = YES;
				CLANG_WARN_RANGE_LOOP_ANALYSIS = YES;
				CLANG_WARN_STRICT_PROTOTYPES = YES;
				CLANG_WARN_SUSPICIOUS_MOVE = YES;
				CLANG_WARN_UNGUARDED_AVAILABILITY = YES_AGGRESSIVE;
				CLANG_WARN_UNREACHABLE_CODE = YES;
				CLANG_WARN__DUPLICATE_METHOD_MATCH = YES;
				COPY_PHASE_STRIP = NO;
				DEBUG_INFORMATION_FORMAT = dwarf;
				ENABLE_STRICT_OBJC_MSGSEND = YES;
				ENABLE_TESTABILITY = YES;
				ENABLE_USER_SCRIPT_SANDBOXING = YES;
				GCC_C_LANGUAGE_STANDARD = gnu17;
				GCC_DYNAMIC_NO_PIC = NO;
				GCC_NO_COMMON_BLOCKS = YES;
				GCC_OPTIMIZATION_LEVEL = 0;
				GCC_PREPROCESSOR_DEFINITIONS = (
					"DEBUG=1",
					"$(inherited)",
				);
				GCC_WARN_64_TO_32_BIT_CONVERSION = YES;
				GCC_WARN_ABOUT_RETURN_TYPE = YES_ERROR;
				GCC_WARN_UNDECLARED_SELECTOR = YES;
				GCC_WARN_UNINITIALIZED_AUTOS = YES_AGGRESSIVE;
				GCC_WARN_UNUSED_FUNCTION = YES;
				GCC_WARN_UNUSED_VARIABLE = YES;
				IPHONEOS_DEPLOYMENT_TARGET = 17.5;
				LOCALIZATION_PREFERS_STRING_CATALOGS = YES;
				MTL_ENABLE_DEBUG_INFO = INCLUDE_SOURCE;
				MTL_FAST_MATH = YES;
				ONLY_ACTIVE_ARCH = YES;
				SDKROOT = iphoneos;
				SWIFT_ACTIVE_COMPILATION_CONDITIONS = "DEBUG $(inherited)";
				SWIFT_OPTIMIZATION_LEVEL = "-Onone";
			};
			name = Debug;
		};
		0AE4C4262C6A507E00B49E17 /* Release */ = {
			isa = XCBuildConfiguration;
			buildSettings = {
				ALWAYS_SEARCH_USER_PATHS = NO;
				ASSETCATALOG_COMPILER_GENERATE_SWIFT_ASSET_SYMBOL_EXTENSIONS = YES;
				CLANG_ANALYZER_NONNULL = YES;
				CLANG_ANALYZER_NUMBER_OBJECT_CONVERSION = YES_AGGRESSIVE;
				CLANG_CXX_LANGUAGE_STANDARD = "gnu++20";
				CLANG_ENABLE_MODULES = YES;
				CLANG_ENABLE_OBJC_ARC = YES;
				CLANG_ENABLE_OBJC_WEAK = YES;
				CLANG_WARN_BLOCK_CAPTURE_AUTORELEASING = YES;
				CLANG_WARN_BOOL_CONVERSION = YES;
				CLANG_WARN_COMMA = YES;
				CLANG_WARN_CONSTANT_CONVERSION = YES;
				CLANG_WARN_DEPRECATED_OBJC_IMPLEMENTATIONS = YES;
				CLANG_WARN_DIRECT_OBJC_ISA_USAGE = YES_ERROR;
				CLANG_WARN_DOCUMENTATION_COMMENTS = YES;
				CLANG_WARN_EMPTY_BODY = YES;
				CLANG_WARN_ENUM_CONVERSION = YES;
				CLANG_WARN_INFINITE_RECURSION = YES;
				CLANG_WARN_INT_CONVERSION = YES;
				CLANG_WARN_NON_LITERAL_NULL_CONVERSION = YES;
				CLANG_WARN_OBJC_IMPLICIT_RETAIN_SELF = YES;
				CLANG_WARN_OBJC_LITERAL_CONVERSION = YES;
				CLANG_WARN_OBJC_ROOT_CLASS = YES_ERROR;
				CLANG_WARN_QUOTED_INCLUDE_IN_FRAMEWORK_HEADER = YES;
				CLANG_WARN_RANGE_LOOP_ANALYSIS = YES;
				CLANG_WARN_STRICT_PROTOTYPES = YES;
				CLANG_WARN_SUSPICIOUS_MOVE = YES;
				CLANG_WARN_UNGUARDED_AVAILABILITY = YES_AGGRESSIVE;
				CLANG_WARN_UNREACHABLE_CODE = YES;
				CLANG_WARN__DUPLICATE_METHOD_MATCH = YES;
				COPY_PHASE_STRIP = NO;
				DEBUG_INFORMATION_FORMAT = "dwarf-with-dsym";
				ENABLE_NS_ASSERTIONS = NO;
				ENABLE_STRICT_OBJC_MSGSEND = YES;
				ENABLE_USER_SCRIPT_SANDBOXING = YES;
				GCC_C_LANGUAGE_STANDARD = gnu17;
				GCC_NO_COMMON_BLOCKS = YES;
				GCC_WARN_64_TO_32_BIT_CONVERSION = YES;
				GCC_WARN_ABOUT_RETURN_TYPE = YES_ERROR;
				GCC_WARN_UNDECLARED_SELECTOR = YES;
				GCC_WARN_UNINITIALIZED_AUTOS = YES_AGGRESSIVE;
				GCC_WARN_UNUSED_FUNCTION = YES;
				GCC_WARN_UNUSED_VARIABLE = YES;
				IPHONEOS_DEPLOYMENT_TARGET = 17.5;
				LOCALIZATION_PREFERS_STRING_CATALOGS = YES;
				MTL_ENABLE_DEBUG_INFO = NO;
				MTL_FAST_MATH = YES;
				SDKROOT = iphoneos;
				SWIFT_COMPILATION_MODE = wholemodule;
				VALIDATE_PRODUCT = YES;
			};
			name = Release;
		};
		0AE4C4282C6A507E00B49E17 /* Debug */ = {
			isa = XCBuildConfiguration;
			buildSettings = {
				ASSETCATALOG_COMPILER_APPICON_NAME = AppIcon;
				ASSETCATALOG_COMPILER_GLOBAL_ACCENT_COLOR_NAME = AccentColor;
				CODE_SIGN_ENTITLEMENTS = "CloudKit-iOS/CloudKit-iOS.entitlements";
				CODE_SIGN_STYLE = Automatic;
				CURRENT_PROJECT_VERSION = 1;
				DEVELOPMENT_ASSET_PATHS = "\"CloudKit-iOS/Preview Content\"";
				DEVELOPMENT_TEAM = 276TT98E76;
				ENABLE_PREVIEWS = YES;
				GENERATE_INFOPLIST_FILE = YES;
				INFOPLIST_KEY_UIApplicationSceneManifest_Generation = YES;
				INFOPLIST_KEY_UIApplicationSupportsIndirectInputEvents = YES;
				INFOPLIST_KEY_UILaunchScreen_Generation = YES;
				INFOPLIST_KEY_UISupportedInterfaceOrientations_iPad = "UIInterfaceOrientationPortrait UIInterfaceOrientationPortraitUpsideDown UIInterfaceOrientationLandscapeLeft UIInterfaceOrientationLandscapeRight";
				INFOPLIST_KEY_UISupportedInterfaceOrientations_iPhone = "UIInterfaceOrientationPortrait UIInterfaceOrientationLandscapeLeft UIInterfaceOrientationLandscapeRight";
				LD_RUNPATH_SEARCH_PATHS = (
					"$(inherited)",
					"@executable_path/Frameworks",
				);
				MARKETING_VERSION = 1.0;
				PRODUCT_BUNDLE_IDENTIFIER = "com.sushant.cloudkit.CloudKit-iOS";
				PRODUCT_NAME = "$(TARGET_NAME)";
				SWIFT_EMIT_LOC_STRINGS = YES;
				SWIFT_VERSION = 5.0;
				TARGETED_DEVICE_FAMILY = "1,2";
			};
			name = Debug;
		};
		0AE4C4292C6A507E00B49E17 /* Release */ = {
			isa = XCBuildConfiguration;
			buildSettings = {
				ASSETCATALOG_COMPILER_APPICON_NAME = AppIcon;
				ASSETCATALOG_COMPILER_GLOBAL_ACCENT_COLOR_NAME = AccentColor;
				CODE_SIGN_ENTITLEMENTS = "CloudKit-iOS/CloudKit-iOS.entitlements";
				CODE_SIGN_STYLE = Automatic;
				CURRENT_PROJECT_VERSION = 1;
				DEVELOPMENT_ASSET_PATHS = "\"CloudKit-iOS/Preview Content\"";
				DEVELOPMENT_TEAM = 276TT98E76;
				ENABLE_PREVIEWS = YES;
				GENERATE_INFOPLIST_FILE = YES;
				INFOPLIST_KEY_UIApplicationSceneManifest_Generation = YES;
				INFOPLIST_KEY_UIApplicationSupportsIndirectInputEvents = YES;
				INFOPLIST_KEY_UILaunchScreen_Generation = YES;
				INFOPLIST_KEY_UISupportedInterfaceOrientations_iPad = "UIInterfaceOrientationPortrait UIInterfaceOrientationPortraitUpsideDown UIInterfaceOrientationLandscapeLeft UIInterfaceOrientationLandscapeRight";
				INFOPLIST_KEY_UISupportedInterfaceOrientations_iPhone = "UIInterfaceOrientationPortrait UIInterfaceOrientationLandscapeLeft UIInterfaceOrientationLandscapeRight";
				LD_RUNPATH_SEARCH_PATHS = (
					"$(inherited)",
					"@executable_path/Frameworks",
				);
				MARKETING_VERSION = 1.0;
				PRODUCT_BUNDLE_IDENTIFIER = "com.sushant.cloudkit.CloudKit-iOS";
				PRODUCT_NAME = "$(TARGET_NAME)";
				SWIFT_EMIT_LOC_STRINGS = YES;
				SWIFT_VERSION = 5.0;
				TARGETED_DEVICE_FAMILY = "1,2";
			};
			name = Release;
		};
		0AE4C42B2C6A507E00B49E17 /* Debug */ = {
			isa = XCBuildConfiguration;
			buildSettings = {
				ALWAYS_EMBED_SWIFT_STANDARD_LIBRARIES = YES;
				BUNDLE_LOADER = "$(TEST_HOST)";
				CODE_SIGN_STYLE = Automatic;
				CURRENT_PROJECT_VERSION = 1;
				DEVELOPMENT_TEAM = 276TT98E76;
				GENERATE_INFOPLIST_FILE = YES;
				IPHONEOS_DEPLOYMENT_TARGET = 17.5;
				MARKETING_VERSION = 1.0;
				PRODUCT_BUNDLE_IDENTIFIER = "com.sushant.cloudkit.CloudKit-iOSTests";
				PRODUCT_NAME = "$(TARGET_NAME)";
				SWIFT_EMIT_LOC_STRINGS = NO;
				SWIFT_VERSION = 5.0;
				TARGETED_DEVICE_FAMILY = "1,2";
				TEST_HOST = "$(BUILT_PRODUCTS_DIR)/CloudKit-iOS.app/$(BUNDLE_EXECUTABLE_FOLDER_PATH)/CloudKit-iOS";
			};
			name = Debug;
		};
		0AE4C42C2C6A507E00B49E17 /* Release */ = {
			isa = XCBuildConfiguration;
			buildSettings = {
				ALWAYS_EMBED_SWIFT_STANDARD_LIBRARIES = YES;
				BUNDLE_LOADER = "$(TEST_HOST)";
				CODE_SIGN_STYLE = Automatic;
				CURRENT_PROJECT_VERSION = 1;
				DEVELOPMENT_TEAM = 276TT98E76;
				GENERATE_INFOPLIST_FILE = YES;
				IPHONEOS_DEPLOYMENT_TARGET = 17.5;
				MARKETING_VERSION = 1.0;
				PRODUCT_BUNDLE_IDENTIFIER = "com.sushant.cloudkit.CloudKit-iOSTests";
				PRODUCT_NAME = "$(TARGET_NAME)";
				SWIFT_EMIT_LOC_STRINGS = NO;
				SWIFT_VERSION = 5.0;
				TARGETED_DEVICE_FAMILY = "1,2";
				TEST_HOST = "$(BUILT_PRODUCTS_DIR)/CloudKit-iOS.app/$(BUNDLE_EXECUTABLE_FOLDER_PATH)/CloudKit-iOS";
			};
			name = Release;
		};
		0AE4C42E2C6A507E00B49E17 /* Debug */ = {
			isa = XCBuildConfiguration;
			buildSettings = {
				ALWAYS_EMBED_SWIFT_STANDARD_LIBRARIES = YES;
				CODE_SIGN_STYLE = Automatic;
				CURRENT_PROJECT_VERSION = 1;
				DEVELOPMENT_TEAM = 276TT98E76;
				GENERATE_INFOPLIST_FILE = YES;
				MARKETING_VERSION = 1.0;
				PRODUCT_BUNDLE_IDENTIFIER = "com.sushant.cloudkit.CloudKit-iOSUITests";
				PRODUCT_NAME = "$(TARGET_NAME)";
				SWIFT_EMIT_LOC_STRINGS = NO;
				SWIFT_VERSION = 5.0;
				TARGETED_DEVICE_FAMILY = "1,2";
				TEST_TARGET_NAME = "CloudKit-iOS";
			};
			name = Debug;
		};
		0AE4C42F2C6A507E00B49E17 /* Release */ = {
			isa = XCBuildConfiguration;
			buildSettings = {
				ALWAYS_EMBED_SWIFT_STANDARD_LIBRARIES = YES;
				CODE_SIGN_STYLE = Automatic;
				CURRENT_PROJECT_VERSION = 1;
				DEVELOPMENT_TEAM = 276TT98E76;
				GENERATE_INFOPLIST_FILE = YES;
				MARKETING_VERSION = 1.0;
				PRODUCT_BUNDLE_IDENTIFIER = "com.sushant.cloudkit.CloudKit-iOSUITests";
				PRODUCT_NAME = "$(TARGET_NAME)";
				SWIFT_EMIT_LOC_STRINGS = NO;
				SWIFT_VERSION = 5.0;
				TARGETED_DEVICE_FAMILY = "1,2";
				TEST_TARGET_NAME = "CloudKit-iOS";
			};
			name = Release;
		};
/* End XCBuildConfiguration section */

/* Begin XCConfigurationList section */
		0AE4C3FE2C6A507B00B49E17 /* Build configuration list for PBXProject "CloudKit-iOS" */ = {
			isa = XCConfigurationList;
			buildConfigurations = (
				0AE4C4252C6A507E00B49E17 /* Debug */,
				0AE4C4262C6A507E00B49E17 /* Release */,
			);
			defaultConfigurationIsVisible = 0;
			defaultConfigurationName = Release;
		};
		0AE4C4272C6A507E00B49E17 /* Build configuration list for PBXNativeTarget "CloudKit-iOS" */ = {
			isa = XCConfigurationList;
			buildConfigurations = (
				0AE4C4282C6A507E00B49E17 /* Debug */,
				0AE4C4292C6A507E00B49E17 /* Release */,
			);
			defaultConfigurationIsVisible = 0;
			defaultConfigurationName = Release;
		};
		0AE4C42A2C6A507E00B49E17 /* Build configuration list for PBXNativeTarget "CloudKit-iOSTests" */ = {
			isa = XCConfigurationList;
			buildConfigurations = (
				0AE4C42B2C6A507E00B49E17 /* Debug */,
				0AE4C42C2C6A507E00B49E17 /* Release */,
			);
			defaultConfigurationIsVisible = 0;
			defaultConfigurationName = Release;
		};
		0AE4C42D2C6A507E00B49E17 /* Build configuration list for PBXNativeTarget "CloudKit-iOSUITests" */ = {
			isa = XCConfigurationList;
			buildConfigurations = (
				0AE4C42E2C6A507E00B49E17 /* Debug */,
				0AE4C42F2C6A507E00B49E17 /* Release */,
			);
			defaultConfigurationIsVisible = 0;
			defaultConfigurationName = Release;
		};
/* End XCConfigurationList section */
	};
	rootObject = 0AE4C3FB2C6A507B00B49E17 /* Project object */;
}
